Microsoft Visual Studio Solution File, Format Version 8.00
Project("{8BC9CEB8-8B4A-11D0-8D11-00A0C91BC942}") = "network", "..\network\networkVC71.vcproj", "{C49F504F-3D08-42B0-9E5D-3194E3722E34}"
	ProjectSection(ProjectDependencies) = postProject
		{C7E9AA01-397E-4E03-9508-ADA36DDEF8B7} = {C7E9AA01-397E-4E03-9508-ADA36DDEF8B7}
	EndProjectSection
EndProject
Project("{8BC9CEB8-8B4A-11D0-8D11-00A0C91BC942}") = "networkpcap", "..\networkpcap\networkpcapVC71.vcproj", "{04698A08-F2CD-41F9-B8CA-2A62FA729761}"
	ProjectSection(ProjectDependencies) = postProject
		{C49F504F-3D08-42B0-9E5D-3194E3722E34} = {C49F504F-3D08-42B0-9E5D-3194E3722E34}
	EndProjectSection
EndProject
Project("{8BC9CEB8-8B4A-11D0-8D11-00A0C91BC942}") = "graphics", "..\graphics\graphicsVC71.vcproj", "{35AFBABB-DF05-43DE-91A7-BB828A874015}"
	ProjectSection(ProjectDependencies) = postProject
		{C7E9AA01-397E-4E03-9508-ADA36DDEF8B7} = {C7E9AA01-397E-4E03-9508-ADA36DDEF8B7}
	EndProjectSection
EndProject
Project("{8BC9CEB8-8B4A-11D0-8D11-00A0C91BC942}") = "graphicsogre", "..\graphicsogre\graphicsogreVC71.vcproj", "{80DECC17-BDDD-4412-8CF8-F7C1C17A7436}"
	ProjectSection(ProjectDependencies) = postProject
		{C7E9AA01-397E-4E03-9508-ADA36DDEF8B7} = {C7E9AA01-397E-4E03-9508-ADA36DDEF8B7}
		{35AFBABB-DF05-43DE-91A7-BB828A874015} = {35AFBABB-DF05-43DE-91A7-BB828A874015}
	EndProjectSection
EndProject
Project("{8BC9CEB8-8B4A-11D0-8D11-00A0C91BC942}") = "main", "..\main\mainVC71.vcproj", "{C7E9AA01-397E-4E03-9508-ADA36DDEF8B7}"
	ProjectSection(ProjectDependencies) = postProject
	EndProjectSection
EndProject
Project("{8BC9CEB8-8B4A-11D0-8D11-00A0C91BC942}") = "scripting", "..\scripting\scriptingVC71.vcproj", "{4464818A-0254-4EE1-AD81-154C399BBE54}"
	ProjectSection(ProjectDependencies) = postProject
		{C7E9AA01-397E-4E03-9508-ADA36DDEF8B7} = {C7E9AA01-397E-4E03-9508-ADA36DDEF8B7}
	EndProjectSection
EndProject
Project("{8BC9CEB8-8B4A-11D0-8D11-00A0C91BC942}") = "scriptinglua", "..\scriptinglua\scriptingluaVC71.vcproj", "{7765FFD7-5382-45CC-BFC1-EB22A4FA643B}"
	ProjectSection(ProjectDependencies) = postProject
		{C7E9AA01-397E-4E03-9508-ADA36DDEF8B7} = {C7E9AA01-397E-4E03-9508-ADA36DDEF8B7}
		{4464818A-0254-4EE1-AD81-154C399BBE54} = {4464818A-0254-4EE1-AD81-154C399BBE54}
	EndProjectSection
EndProject
Global
	GlobalSection(SolutionConfiguration) = preSolution
		Debug = Debug
		Release = Release
	EndGlobalSection
	GlobalSection(ProjectConfiguration) = postSolution
		{C49F504F-3D08-42B0-9E5D-3194E3722E34}.Debug.ActiveCfg = Debug|Win32
		{C49F504F-3D08-42B0-9E5D-3194E3722E34}.Debug.Build.0 = Debug|Win32
		{C49F504F-3D08-42B0-9E5D-3194E3722E34}.Release.ActiveCfg = Release|Win32
		{C49F504F-3D08-42B0-9E5D-3194E3722E34}.Release.Build.0 = Release|Win32
		{04698A08-F2CD-41F9-B8CA-2A62FA729761}.Debug.ActiveCfg = Debug|Win32
		{04698A08-F2CD-41F9-B8CA-2A62FA729761}.Debug.Build.0 = Debug|Win32
		{04698A08-F2CD-41F9-B8CA-2A62FA729761}.Release.ActiveCfg = Release|Win32
		{04698A08-F2CD-41F9-B8CA-2A62FA729761}.Release.Build.0 = Release|Win32
		{35AFBABB-DF05-43DE-91A7-BB828A874015}.Debug.ActiveCfg = Debug|Win32
		{35AFBABB-DF05-43DE-91A7-BB828A874015}.Debug.Build.0 = Debug|Win32
		{35AFBABB-DF05-43DE-91A7-BB828A874015}.Release.ActiveCfg = Release|Win32
		{35AFBABB-DF05-43DE-91A7-BB828A874015}.Release.Build.0 = Release|Win32
		{80DECC17-BDDD-4412-8CF8-F7C1C17A7436}.Debug.ActiveCfg = Debug|Win32
		{80DECC17-BDDD-4412-8CF8-F7C1C17A7436}.Debug.Build.0 = Debug|Win32
		{80DECC17-BDDD-4412-8CF8-F7C1C17A7436}.Release.ActiveCfg = Release|Win32
		{80DECC17-BDDD-4412-8CF8-F7C1C17A7436}.Release.Build.0 = Release|Win32
		{C7E9AA01-397E-4E03-9508-ADA36DDEF8B7}.Debug.ActiveCfg = Debug|Win32
		{C7E9AA01-397E-4E03-9508-ADA36DDEF8B7}.Debug.Build.0 = Debug|Win32
		{C7E9AA01-397E-4E03-9508-ADA36DDEF8B7}.Release.ActiveCfg = Release|Win32
		{C7E9AA01-397E-4E03-9508-ADA36DDEF8B7}.Release.Build.0 = Release|Win32
		{4464818A-0254-4EE1-AD81-154C399BBE54}.Debug.ActiveCfg = Debug|Win32
		{4464818A-0254-4EE1-AD81-154C399BBE54}.Debug.Build.0 = Debug|Win32
		{4464818A-0254-4EE1-AD81-154C399BBE54}.Release.ActiveCfg = Release|Win32
		{4464818A-0254-4EE1-AD81-154C399BBE54}.Release.Build.0 = Release|Win32
		{7765FFD7-5382-45CC-BFC1-EB22A4FA643B}.Debug.ActiveCfg = Debug|Win32
		{7765FFD7-5382-45CC-BFC1-EB22A4FA643B}.Debug.Build.0 = Debug|Win32
		{7765FFD7-5382-45CC-BFC1-EB22A4FA643B}.Release.ActiveCfg = Release|Win32
		{7765FFD7-5382-45CC-BFC1-EB22A4FA643B}.Release.Build.0 = Release|Win32
	EndGlobalSection
	GlobalSection(ExtensibilityGlobals) = postSolution
	EndGlobalSection
	GlobalSection(ExtensibilityAddIns) = postSolution
	EndGlobalSection
EndGlobal
